
Microsoft Visual Studio Solution File, Format Version 12.00
# Visual Studio Version 16
VisualStudioVersion = 16.0.32228.343
MinimumVisualStudioVersion = 10.0.40219.1
Project("{FAE04EC0-301F-11D3-BF4B-00C04F79EFBC}") = "ConsoleApp1", "ConsoleApp1\ConsoleApp1.csproj", "{598FB99A-2FCB-4265-AA99-71ABB953CA23}"
EndProject
Global
	GlobalSection(SolutionConfigurationPlatforms) = preSolution
		Debug|Any CPU = Debug|Any CPU
		Release|Any CPU = Release|Any CPU
	EndGlobalSection
	GlobalSection(ProjectConfigurationPlatforms) = postSolution
		{598FB99A-2FCB-4265-AA99-71ABB953CA23}.Debug|Any CPU.ActiveCfg = Debug|Any CPU
		{598FB99A-2FCB-4265-AA99-71ABB953CA23}.Debug|Any CPU.Build.0 = Debug|Any CPU
		{598FB99A-2FCB-4265-AA99-71ABB953CA23}.Release|Any CPU.ActiveCfg = Release|Any CPU
		{598FB99A-2FCB-4265-AA99-71ABB953CA23}.Release|Any CPU.Build.0 = Release|Any CPU
	EndGlobalSection
	GlobalSection(SolutionProperties) = preSolution
		HideSolutionNode = FALSE
	EndGlobalSection
	GlobalSection(ExtensibilityGlobals) = postSolution
		SolutionGuid = {5F542B58-011D-4B57-8681-10E66579ACC4}
	EndGlobalSection
EndGlobal
